
Microsoft Visual Studio Solution File, Format Version 12.00
# Visual Studio Version 16
VisualStudioVersion = 16.0.33130.400
MinimumVisualStudioVersion = 10.0.40219.1
Project("{FAE04EC0-301F-11D3-BF4B-00C04F79EFBC}") = "PrimeiroProjeto", "PrimeiroProjeto.csproj", "{54221E2E-F7F6-474F-91D3-68E140E90300}"
EndProject
Global
	GlobalSection(SolutionConfigurationPlatforms) = preSolution
		Debug|Any CPU = Debug|Any CPU
		Release|Any CPU = Release|Any CPU
	EndGlobalSection
	GlobalSection(ProjectConfigurationPlatforms) = postSolution
		{54221E2E-F7F6-474F-91D3-68E140E90300}.Debug|Any CPU.ActiveCfg = Debug|Any CPU
		{54221E2E-F7F6-474F-91D3-68E140E90300}.Debug|Any CPU.Build.0 = Debug|Any CPU
		{54221E2E-F7F6-474F-91D3-68E140E90300}.Release|Any CPU.ActiveCfg = Release|Any CPU
		{54221E2E-F7F6-474F-91D3-68E140E90300}.Release|Any CPU.Build.0 = Release|Any CPU
	EndGlobalSection
	GlobalSection(SolutionProperties) = preSolution
		HideSolutionNode = FALSE
	EndGlobalSection
	GlobalSection(ExtensibilityGlobals) = postSolution
		SolutionGuid = {F491B949-A15C-4DDB-8AD6-0E71687DEA0D}
	EndGlobalSection
EndGlobal
